{
  "nodes": {
    "flakeNimbleLib": {
      "inputs": {
        "nixpkgs": [
          "nixpkgs"
        ]
      },
      "locked": {
        "lastModified": 1662018438,
        "narHash": "sha256-QtNtU6+LX3Wokxf0zlFwKTFOcn6TeDjKQZ+DA9OYtvM=",
        "owner": "riinr",
        "repo": "nim-flakes-lib",
        "rev": "b1fe8340736e3a85d25c709ac3dfd82a55c03cbf",
        "type": "github"
      },
      "original": {
        "owner": "riinr",
        "ref": "master",
        "repo": "nim-flakes-lib",
        "type": "github"
      }
    },
    "nimpb_protoc-master": {
      "inputs": {
        "flakeNimbleLib": [
          "flakeNimbleLib"
        ],
        "nixpkgs": [
          "nixpkgs"
        ],
        "src-nimpb_protoc-master": "src-nimpb_protoc-master"
      },
      "locked": {
        "dir": "master",
        "lastModified": 1667322505,
        "narHash": "sha256-Wkv7guFxV96YHQ6KXuECxGj/qHwdIAL5HtrJ9c1SidI=",
        "owner": "nim-nix-pkgs",
        "repo": "nimpb_protoc",
        "rev": "6da86a8cc416eaaed62d762a65ad63079daf3607",
        "type": "github"
      },
      "original": {
        "dir": "master",
        "owner": "nim-nix-pkgs",
        "ref": "master",
        "repo": "nimpb_protoc",
        "type": "github"
      }
    },
    "nixpkgs": {
      "locked": {
        "lastModified": 1667199707,
        "narHash": "sha256-I2Js3Y7gUyVSEXPULHlBoRek4Lh85vnevdS6mdvDNLI=",
        "owner": "NixOS",
        "repo": "nixpkgs",
        "rev": "ced197be72099edcfa68ebed8b87af7b04851f45",
        "type": "github"
      },
      "original": {
        "id": "nixpkgs",
        "type": "indirect"
      }
    },
    "root": {
      "inputs": {
        "flakeNimbleLib": "flakeNimbleLib",
        "nimpb_protoc-master": "nimpb_protoc-master",
        "nixpkgs": "nixpkgs"
      }
    },
    "src-nimpb_protoc-master": {
      "flake": false,
      "locked": {
        "lastModified": 1523475403,
        "narHash": "sha256-MipbxVH4PlRDwJN/OrcjDLCO7pyWSlA72nlbkYE68kY=",
        "owner": "oswjk",
        "repo": "nimpb_protoc",
        "rev": "4a54eff46b816e7d2f1d69df24cc85780406e2f3",
        "type": "github"
      },
      "original": {
        "owner": "oswjk",
        "ref": "refs/heads/master",
        "repo": "nimpb_protoc",
        "type": "github"
      }
    }
  },
  "root": "root",
  "version": 7
}
