{
  "nodes": {
    "flakeNimbleLib": {
      "inputs": {
        "nixpkgs": [
          "nixpkgs"
        ]
      },
      "locked": {
        "lastModified": 1662018438,
        "narHash": "sha256-QtNtU6+LX3Wokxf0zlFwKTFOcn6TeDjKQZ+DA9OYtvM=",
        "owner": "riinr",
        "repo": "nim-flakes-lib",
        "rev": "b1fe8340736e3a85d25c709ac3dfd82a55c03cbf",
        "type": "github"
      },
      "original": {
        "owner": "riinr",
        "ref": "master",
        "repo": "nim-flakes-lib",
        "type": "github"
      }
    },
    "nimpb_protoc-master": {
      "inputs": {
        "flakeNimbleLib": [
          "flakeNimbleLib"
        ],
        "nixpkgs": [
          "nixpkgs"
        ],
        "src-nimpb_protoc-master": "src-nimpb_protoc-master"
      },
      "locked": {
        "dir": "master",
        "lastModified": 1662254675,
        "narHash": "sha256-pKO+KiBrJ98DtvnEzxzpSvDTiZebBI6zfCiM2sPU+Mg=",
        "owner": "nim-nix-pkgs",
        "repo": "nimpb_protoc",
        "rev": "fdc079d71a253372d09d1b0d18b8fcdb5a605135",
        "type": "github"
      },
      "original": {
        "dir": "master",
        "owner": "nim-nix-pkgs",
        "ref": "master",
        "repo": "nimpb_protoc",
        "type": "github"
      }
    },
    "nixpkgs": {
      "locked": {
        "lastModified": 1667110639,
        "narHash": "sha256-4FbPESZ5LbqQxkJJJBAfk/zKgF9h/4kyUwjjpJwYlbc=",
        "owner": "NixOS",
        "repo": "nixpkgs",
        "rev": "f38a1f04d1bec1feb61fd101a0539ae2002a7087",
        "type": "github"
      },
      "original": {
        "id": "nixpkgs",
        "type": "indirect"
      }
    },
    "root": {
      "inputs": {
        "flakeNimbleLib": "flakeNimbleLib",
        "nimpb_protoc-master": "nimpb_protoc-master",
        "nixpkgs": "nixpkgs"
      }
    },
    "src-nimpb_protoc-master": {
      "flake": false,
      "locked": {
        "lastModified": 1523475403,
        "narHash": "sha256-MipbxVH4PlRDwJN/OrcjDLCO7pyWSlA72nlbkYE68kY=",
        "owner": "oswjk",
        "repo": "nimpb_protoc",
        "rev": "4a54eff46b816e7d2f1d69df24cc85780406e2f3",
        "type": "github"
      },
      "original": {
        "owner": "oswjk",
        "ref": "refs/heads/master",
        "repo": "nimpb_protoc",
        "type": "github"
      }
    }
  },
  "root": "root",
  "version": 7
}
